// !$*UTF8*$!
{
	archiveVersion = 1;
	classes = {
	};
	objectVersion = 56;
	objects = {

/* Begin PBXBuildFile section */
		715E395AD7DEB19786A6358A /* libPods-iOS Barcode Upload App.a in Frameworks */ = {isa = PBXBuildFile; fileRef = BF0BD04912809A90176AEC98 /* libPods-iOS Barcode Upload App.a */; };
		A92C09B62A4808C9006FAC87 /* ImageViewController.swift in Sources */ = {isa = PBXBuildFile; fileRef = A92C09B52A4808C9006FAC87 /* ImageViewController.swift */; };
		A92C09B82A49374B006FAC87 /* DataStore.swift in Sources */ = {isa = PBXBuildFile; fileRef = A92C09B72A49374B006FAC87 /* DataStore.swift */; };
		A9A83F2F2A47A3D300C705D6 /* FinalViewController.swift in Sources */ = {isa = PBXBuildFile; fileRef = A9A83F2E2A47A3D300C705D6 /* FinalViewController.swift */; };
		A9B915C02A3909AD008EF8AF /* Bridging-Header.m in Sources */ = {isa = PBXBuildFile; fileRef = A9B915BF2A3909AD008EF8AF /* Bridging-Header.m */; };
		A9C8BE592A442D87005B172F /* TestViewController.swift in Sources */ = {isa = PBXBuildFile; fileRef = A9C8BE582A442D87005B172F /* TestViewController.swift */; };
		A9CF00942A0E793000856F43 /* AppDelegate.swift in Sources */ = {isa = PBXBuildFile; fileRef = A9CF00932A0E793000856F43 /* AppDelegate.swift */; };
		A9CF00962A0E793000856F43 /* SceneDelegate.swift in Sources */ = {isa = PBXBuildFile; fileRef = A9CF00952A0E793000856F43 /* SceneDelegate.swift */; };
		A9CF00982A0E793000856F43 /* ViewController.swift in Sources */ = {isa = PBXBuildFile; fileRef = A9CF00972A0E793000856F43 /* ViewController.swift */; };
		A9CF009B2A0E793000856F43 /* Main.storyboard in Resources */ = {isa = PBXBuildFile; fileRef = A9CF00992A0E793000856F43 /* Main.storyboard */; };
		A9CF009D2A0E793300856F43 /* Assets.xcassets in Resources */ = {isa = PBXBuildFile; fileRef = A9CF009C2A0E793300856F43 /* Assets.xcassets */; };
		A9CF00A02A0E793300856F43 /* LaunchScreen.storyboard in Resources */ = {isa = PBXBuildFile; fileRef = A9CF009E2A0E793300856F43 /* LaunchScreen.storyboard */; };
		A9CF00AB2A0E793400856F43 /* iOS_Barcode_Upload_AppTests.swift in Sources */ = {isa = PBXBuildFile; fileRef = A9CF00AA2A0E793400856F43 /* iOS_Barcode_Upload_AppTests.swift */; };
		A9CF00B52A0E793400856F43 /* iOS_Barcode_Upload_AppUITests.swift in Sources */ = {isa = PBXBuildFile; fileRef = A9CF00B42A0E793400856F43 /* iOS_Barcode_Upload_AppUITests.swift */; };
		A9CF00B72A0E793400856F43 /* iOS_Barcode_Upload_AppUITestsLaunchTests.swift in Sources */ = {isa = PBXBuildFile; fileRef = A9CF00B62A0E793400856F43 /* iOS_Barcode_Upload_AppUITestsLaunchTests.swift */; };
		A9D2D6B82A1EECAC00BEF8D5 /* registerViewController.swift in Sources */ = {isa = PBXBuildFile; fileRef = A9D2D6B72A1EECAC00BEF8D5 /* registerViewController.swift */; };
		A9D2D6BA2A1F225E00BEF8D5 /* logInViewController.swift in Sources */ = {isa = PBXBuildFile; fileRef = A9D2D6B92A1F225E00BEF8D5 /* logInViewController.swift */; };
		A9E1D60F2A11E39A0044FF22 /* SecondViewController.swift in Sources */ = {isa = PBXBuildFile; fileRef = A9E1D60E2A11E39A0044FF22 /* SecondViewController.swift */; };
/* End PBXBuildFile section */

/* Begin PBXContainerItemProxy section */
		A9CF00A72A0E793400856F43 /* PBXContainerItemProxy */ = {
			isa = PBXContainerItemProxy;
			containerPortal = A9CF00882A0E793000856F43 /* Project object */;
			proxyType = 1;
			remoteGlobalIDString = A9CF008F2A0E793000856F43;
			remoteInfo = "iOS Barcode Upload App";
		};
		A9CF00B12A0E793400856F43 /* PBXContainerItemProxy */ = {
			isa = PBXContainerItemProxy;
			containerPortal = A9CF00882A0E793000856F43 /* Project object */;
			proxyType = 1;
			remoteGlobalIDString = A9CF008F2A0E793000856F43;
			remoteInfo = "iOS Barcode Upload App";
		};
/* End PBXContainerItemProxy section */

/* Begin PBXFileReference section */
		5A6613B94A65C133E2BC654A /* Pods-iOS Barcode Upload App.debug.xcconfig */ = {isa = PBXFileReference; includeInIndex = 1; lastKnownFileType = text.xcconfig; name = "Pods-iOS Barcode Upload App.debug.xcconfig"; path = "Target Support Files/Pods-iOS Barcode Upload App/Pods-iOS Barcode Upload App.debug.xcconfig"; sourceTree = "<group>"; };
		5F1FEC1BB901F26671044E92 /* Pods-iOS Barcode Upload App.release.xcconfig */ = {isa = PBXFileReference; includeInIndex = 1; lastKnownFileType = text.xcconfig; name = "Pods-iOS Barcode Upload App.release.xcconfig"; path = "Target Support Files/Pods-iOS Barcode Upload App/Pods-iOS Barcode Upload App.release.xcconfig"; sourceTree = "<group>"; };
		A92C09B52A4808C9006FAC87 /* ImageViewController.swift */ = {isa = PBXFileReference; lastKnownFileType = sourcecode.swift; path = ImageViewController.swift; sourceTree = "<group>"; };
		A92C09B72A49374B006FAC87 /* DataStore.swift */ = {isa = PBXFileReference; lastKnownFileType = sourcecode.swift; path = DataStore.swift; sourceTree = "<group>"; };
		A9A83F2E2A47A3D300C705D6 /* FinalViewController.swift */ = {isa = PBXFileReference; lastKnownFileType = sourcecode.swift; path = FinalViewController.swift; sourceTree = "<group>"; };
		A9B915BE2A3909AC008EF8AF /* iOS Barcode Upload App-Bridging-Header.h */ = {isa = PBXFileReference; lastKnownFileType = sourcecode.c.h; path = "iOS Barcode Upload App-Bridging-Header.h"; sourceTree = "<group>"; };
		A9B915BF2A3909AD008EF8AF /* Bridging-Header.m */ = {isa = PBXFileReference; lastKnownFileType = sourcecode.c.objc; path = "Bridging-Header.m"; sourceTree = "<group>"; };
		A9C8BE582A442D87005B172F /* TestViewController.swift */ = {isa = PBXFileReference; lastKnownFileType = sourcecode.swift; path = TestViewController.swift; sourceTree = "<group>"; };
		A9CF00902A0E793000856F43 /* iOS Barcode Upload App.app */ = {isa = PBXFileReference; explicitFileType = wrapper.application; includeInIndex = 0; path = "iOS Barcode Upload App.app"; sourceTree = BUILT_PRODUCTS_DIR; };
		A9CF00932A0E793000856F43 /* AppDelegate.swift */ = {isa = PBXFileReference; lastKnownFileType = sourcecode.swift; path = AppDelegate.swift; sourceTree = "<group>"; };
		A9CF00952A0E793000856F43 /* SceneDelegate.swift */ = {isa = PBXFileReference; lastKnownFileType = sourcecode.swift; path = SceneDelegate.swift; sourceTree = "<group>"; };
		A9CF00972A0E793000856F43 /* ViewController.swift */ = {isa = PBXFileReference; lastKnownFileType = sourcecode.swift; path = ViewController.swift; sourceTree = "<group>"; };
		A9CF009A2A0E793000856F43 /* Base */ = {isa = PBXFileReference; lastKnownFileType = file.storyboard; name = Base; path = Base.lproj/Main.storyboard; sourceTree = "<group>"; };
		A9CF009C2A0E793300856F43 /* Assets.xcassets */ = {isa = PBXFileReference; lastKnownFileType = folder.assetcatalog; path = Assets.xcassets; sourceTree = "<group>"; };
		A9CF009F2A0E793300856F43 /* Base */ = {isa = PBXFileReference; lastKnownFileType = file.storyboard; name = Base; path = Base.lproj/LaunchScreen.storyboard; sourceTree = "<group>"; };
		A9CF00A12A0E793300856F43 /* Info.plist */ = {isa = PBXFileReference; lastKnownFileType = text.plist.xml; path = Info.plist; sourceTree = "<group>"; };
		A9CF00A62A0E793400856F43 /* iOS Barcode Upload AppTests.xctest */ = {isa = PBXFileReference; explicitFileType = wrapper.cfbundle; includeInIndex = 0; path = "iOS Barcode Upload AppTests.xctest"; sourceTree = BUILT_PRODUCTS_DIR; };
		A9CF00AA2A0E793400856F43 /* iOS_Barcode_Upload_AppTests.swift */ = {isa = PBXFileReference; lastKnownFileType = sourcecode.swift; path = iOS_Barcode_Upload_AppTests.swift; sourceTree = "<group>"; };
		A9CF00B02A0E793400856F43 /* iOS Barcode Upload AppUITests.xctest */ = {isa = PBXFileReference; explicitFileType = wrapper.cfbundle; includeInIndex = 0; path = "iOS Barcode Upload AppUITests.xctest"; sourceTree = BUILT_PRODUCTS_DIR; };
		A9CF00B42A0E793400856F43 /* iOS_Barcode_Upload_AppUITests.swift */ = {isa = PBXFileReference; lastKnownFileType = sourcecode.swift; path = iOS_Barcode_Upload_AppUITests.swift; sourceTree = "<group>"; };
		A9CF00B62A0E793400856F43 /* iOS_Barcode_Upload_AppUITestsLaunchTests.swift */ = {isa = PBXFileReference; lastKnownFileType = sourcecode.swift; path = iOS_Barcode_Upload_AppUITestsLaunchTests.swift; sourceTree = "<group>"; };
		A9D2D6B72A1EECAC00BEF8D5 /* registerViewController.swift */ = {isa = PBXFileReference; lastKnownFileType = sourcecode.swift; path = registerViewController.swift; sourceTree = "<group>"; };
		A9D2D6B92A1F225E00BEF8D5 /* logInViewController.swift */ = {isa = PBXFileReference; lastKnownFileType = sourcecode.swift; path = logInViewController.swift; sourceTree = "<group>"; };
		A9E1D60E2A11E39A0044FF22 /* SecondViewController.swift */ = {isa = PBXFileReference; lastKnownFileType = sourcecode.swift; path = SecondViewController.swift; sourceTree = "<group>"; };
		BF0BD04912809A90176AEC98 /* libPods-iOS Barcode Upload App.a */ = {isa = PBXFileReference; explicitFileType = archive.ar; includeInIndex = 0; path = "libPods-iOS Barcode Upload App.a"; sourceTree = BUILT_PRODUCTS_DIR; };
/* End PBXFileReference section */

/* Begin PBXFrameworksBuildPhase section */
		A9CF008D2A0E793000856F43 /* Frameworks */ = {
			isa = PBXFrameworksBuildPhase;
			buildActionMask = 2147483647;
			files = (
				715E395AD7DEB19786A6358A /* libPods-iOS Barcode Upload App.a in Frameworks */,
			);
			runOnlyForDeploymentPostprocessing = 0;
		};
		A9CF00A32A0E793400856F43 /* Frameworks */ = {
			isa = PBXFrameworksBuildPhase;
			buildActionMask = 2147483647;
			files = (
			);
			runOnlyForDeploymentPostprocessing = 0;
		};
		A9CF00AD2A0E793400856F43 /* Frameworks */ = {
			isa = PBXFrameworksBuildPhase;
			buildActionMask = 2147483647;
			files = (
			);
			runOnlyForDeploymentPostprocessing = 0;
		};
/* End PBXFrameworksBuildPhase section */

/* Begin PBXGroup section */
		7A6C74F03F0F37E3BC707449 /* Frameworks */ = {
			isa = PBXGroup;
			children = (
				BF0BD04912809A90176AEC98 /* libPods-iOS Barcode Upload App.a */,
			);
			name = Frameworks;
			sourceTree = "<group>";
		};
		875B177146465FB9C71524E6 /* Pods */ = {
			isa = PBXGroup;
			children = (
				5A6613B94A65C133E2BC654A /* Pods-iOS Barcode Upload App.debug.xcconfig */,
				5F1FEC1BB901F26671044E92 /* Pods-iOS Barcode Upload App.release.xcconfig */,
			);
			path = Pods;
			sourceTree = "<group>";
		};
		A9CF00872A0E793000856F43 = {
			isa = PBXGroup;
			children = (
				A9CF00922A0E793000856F43 /* iOS Barcode Upload App */,
				A9CF00A92A0E793400856F43 /* iOS Barcode Upload AppTests */,
				A9CF00B32A0E793400856F43 /* iOS Barcode Upload AppUITests */,
				A9CF00912A0E793000856F43 /* Products */,
				875B177146465FB9C71524E6 /* Pods */,
				7A6C74F03F0F37E3BC707449 /* Frameworks */,
			);
			sourceTree = "<group>";
		};
		A9CF00912A0E793000856F43 /* Products */ = {
			isa = PBXGroup;
			children = (
				A9CF00902A0E793000856F43 /* iOS Barcode Upload App.app */,
				A9CF00A62A0E793400856F43 /* iOS Barcode Upload AppTests.xctest */,
				A9CF00B02A0E793400856F43 /* iOS Barcode Upload AppUITests.xctest */,
			);
			name = Products;
			sourceTree = "<group>";
		};
		A9CF00922A0E793000856F43 /* iOS Barcode Upload App */ = {
			isa = PBXGroup;
			children = (
				A9CF00932A0E793000856F43 /* AppDelegate.swift */,
				A9CF00952A0E793000856F43 /* SceneDelegate.swift */,
				A9B915BF2A3909AD008EF8AF /* Bridging-Header.m */,
				A9CF00972A0E793000856F43 /* ViewController.swift */,
				A9D2D6B72A1EECAC00BEF8D5 /* registerViewController.swift */,
				A9D2D6B92A1F225E00BEF8D5 /* logInViewController.swift */,
				A92C09B52A4808C9006FAC87 /* ImageViewController.swift */,
				A9A83F2E2A47A3D300C705D6 /* FinalViewController.swift */,
				A92C09B72A49374B006FAC87 /* DataStore.swift */,
				A9E1D60E2A11E39A0044FF22 /* SecondViewController.swift */,
				A9C8BE582A442D87005B172F /* TestViewController.swift */,
				A9CF00992A0E793000856F43 /* Main.storyboard */,
				A9CF009C2A0E793300856F43 /* Assets.xcassets */,
				A9CF009E2A0E793300856F43 /* LaunchScreen.storyboard */,
				A9CF00A12A0E793300856F43 /* Info.plist */,
				A9B915BE2A3909AC008EF8AF /* iOS Barcode Upload App-Bridging-Header.h */,
			);
			path = "iOS Barcode Upload App";
			sourceTree = "<group>";
		};
		A9CF00A92A0E793400856F43 /* iOS Barcode Upload AppTests */ = {
			isa = PBXGroup;
			children = (
				A9CF00AA2A0E793400856F43 /* iOS_Barcode_Upload_AppTests.swift */,
			);
			path = "iOS Barcode Upload AppTests";
			sourceTree = "<group>";
		};
		A9CF00B32A0E793400856F43 /* iOS Barcode Upload AppUITests */ = {
			isa = PBXGroup;
			children = (
				A9CF00B42A0E793400856F43 /* iOS_Barcode_Upload_AppUITests.swift */,
				A9CF00B62A0E793400856F43 /* iOS_Barcode_Upload_AppUITestsLaunchTests.swift */,
			);
			path = "iOS Barcode Upload AppUITests";
			sourceTree = "<group>";
		};
/* End PBXGroup section */

/* Begin PBXNativeTarget section */
		A9CF008F2A0E793000856F43 /* iOS Barcode Upload App */ = {
			isa = PBXNativeTarget;
			buildConfigurationList = A9CF00BA2A0E793400856F43 /* Build configuration list for PBXNativeTarget "iOS Barcode Upload App" */;
			buildPhases = (
				5FF4D30F0546DE92805AF0D6 /* [CP] Check Pods Manifest.lock */,
				A9CF008C2A0E793000856F43 /* Sources */,
				A9CF008D2A0E793000856F43 /* Frameworks */,
				A9CF008E2A0E793000856F43 /* Resources */,
			);
			buildRules = (
			);
			dependencies = (
			);
			name = "iOS Barcode Upload App";
			productName = "iOS Barcode Upload App";
			productReference = A9CF00902A0E793000856F43 /* iOS Barcode Upload App.app */;
			productType = "com.apple.product-type.application";
		};
		A9CF00A52A0E793400856F43 /* iOS Barcode Upload AppTests */ = {
			isa = PBXNativeTarget;
			buildConfigurationList = A9CF00BD2A0E793400856F43 /* Build configuration list for PBXNativeTarget "iOS Barcode Upload AppTests" */;
			buildPhases = (
				A9CF00A22A0E793400856F43 /* Sources */,
				A9CF00A32A0E793400856F43 /* Frameworks */,
				A9CF00A42A0E793400856F43 /* Resources */,
			);
			buildRules = (
			);
			dependencies = (
				A9CF00A82A0E793400856F43 /* PBXTargetDependency */,
			);
			name = "iOS Barcode Upload AppTests";
			productName = "iOS Barcode Upload AppTests";
			productReference = A9CF00A62A0E793400856F43 /* iOS Barcode Upload AppTests.xctest */;
			productType = "com.apple.product-type.bundle.unit-test";
		};
		A9CF00AF2A0E793400856F43 /* iOS Barcode Upload AppUITests */ = {
			isa = PBXNativeTarget;
			buildConfigurationList = A9CF00C02A0E793400856F43 /* Build configuration list for PBXNativeTarget "iOS Barcode Upload AppUITests" */;
			buildPhases = (
				A9CF00AC2A0E793400856F43 /* Sources */,
				A9CF00AD2A0E793400856F43 /* Frameworks */,
				A9CF00AE2A0E793400856F43 /* Resources */,
			);
			buildRules = (
			);
			dependencies = (
				A9CF00B22A0E793400856F43 /* PBXTargetDependency */,
			);
			name = "iOS Barcode Upload AppUITests";
			productName = "iOS Barcode Upload AppUITests";
			productReference = A9CF00B02A0E793400856F43 /* iOS Barcode Upload AppUITests.xctest */;
			productType = "com.apple.product-type.bundle.ui-testing";
		};
/* End PBXNativeTarget section */

/* Begin PBXProject section */
		A9CF00882A0E793000856F43 /* Project object */ = {
			isa = PBXProject;
			attributes = {
				BuildIndependentTargetsInParallel = 1;
				LastSwiftUpdateCheck = 1430;
				LastUpgradeCheck = 1430;
				TargetAttributes = {
					A9CF008F2A0E793000856F43 = {
						CreatedOnToolsVersion = 14.3;
						LastSwiftMigration = 1430;
					};
					A9CF00A52A0E793400856F43 = {
						CreatedOnToolsVersion = 14.3;
						TestTargetID = A9CF008F2A0E793000856F43;
					};
					A9CF00AF2A0E793400856F43 = {
						CreatedOnToolsVersion = 14.3;
						TestTargetID = A9CF008F2A0E793000856F43;
					};
				};
			};
			buildConfigurationList = A9CF008B2A0E793000856F43 /* Build configuration list for PBXProject "iOS Barcode Upload App" */;
			compatibilityVersion = "Xcode 14.0";
			developmentRegion = en;
			hasScannedForEncodings = 0;
			knownRegions = (
				en,
				Base,
			);
			mainGroup = A9CF00872A0E793000856F43;
			productRefGroup = A9CF00912A0E793000856F43 /* Products */;
			projectDirPath = "";
			projectRoot = "";
			targets = (
				A9CF008F2A0E793000856F43 /* iOS Barcode Upload App */,
				A9CF00A52A0E793400856F43 /* iOS Barcode Upload AppTests */,
				A9CF00AF2A0E793400856F43 /* iOS Barcode Upload AppUITests */,
			);
		};
/* End PBXProject section */

/* Begin PBXResourcesBuildPhase section */
		A9CF008E2A0E793000856F43 /* Resources */ = {
			isa = PBXResourcesBuildPhase;
			buildActionMask = 2147483647;
			files = (
				A9CF00A02A0E793300856F43 /* LaunchScreen.storyboard in Resources */,
				A9CF009D2A0E793300856F43 /* Assets.xcassets in Resources */,
				A9CF009B2A0E793000856F43 /* Main.storyboard in Resources */,
			);
			runOnlyForDeploymentPostprocessing = 0;
		};
		A9CF00A42A0E793400856F43 /* Resources */ = {
			isa = PBXResourcesBuildPhase;
			buildActionMask = 2147483647;
			files = (
			);
			runOnlyForDeploymentPostprocessing = 0;
		};
		A9CF00AE2A0E793400856F43 /* Resources */ = {
			isa = PBXResourcesBuildPhase;
			buildActionMask = 2147483647;
			files = (
			);
			runOnlyForDeploymentPostprocessing = 0;
		};
/* End PBXResourcesBuildPhase section */

/* Begin PBXShellScriptBuildPhase section */
		5FF4D30F0546DE92805AF0D6 /* [CP] Check Pods Manifest.lock */ = {
			isa = PBXShellScriptBuildPhase;
			buildActionMask = 2147483647;
			files = (
			);
			inputFileListPaths = (
			);
			inputPaths = (
				"${PODS_PODFILE_DIR_PATH}/Podfile.lock",
				"${PODS_ROOT}/Manifest.lock",
			);
			name = "[CP] Check Pods Manifest.lock";
			outputFileListPaths = (
			);
			outputPaths = (
				"$(DERIVED_FILE_DIR)/Pods-iOS Barcode Upload App-checkManifestLockResult.txt",
			);
			runOnlyForDeploymentPostprocessing = 0;
			shellPath = /bin/sh;
			shellScript = "diff \"${PODS_PODFILE_DIR_PATH}/Podfile.lock\" \"${PODS_ROOT}/Manifest.lock\" > /dev/null\nif [ $? != 0 ] ; then\n    # print error to STDERR\n    echo \"error: The sandbox is not in sync with the Podfile.lock. Run 'pod install' or update your CocoaPods installation.\" >&2\n    exit 1\nfi\n# This output is used by Xcode 'outputs' to avoid re-running this script phase.\necho \"SUCCESS\" > \"${SCRIPT_OUTPUT_FILE_0}\"\n";
			showEnvVarsInLog = 0;
		};
/* End PBXShellScriptBuildPhase section */

/* Begin PBXSourcesBuildPhase section */
		A9CF008C2A0E793000856F43 /* Sources */ = {
			isa = PBXSourcesBuildPhase;
			buildActionMask = 2147483647;
			files = (
				A9E1D60F2A11E39A0044FF22 /* SecondViewController.swift in Sources */,
				A9A83F2F2A47A3D300C705D6 /* FinalViewController.swift in Sources */,
				A92C09B62A4808C9006FAC87 /* ImageViewController.swift in Sources */,
				A9CF00982A0E793000856F43 /* ViewController.swift in Sources */,
				A92C09B82A49374B006FAC87 /* DataStore.swift in Sources */,
				A9C8BE592A442D87005B172F /* TestViewController.swift in Sources */,
				A9CF00942A0E793000856F43 /* AppDelegate.swift in Sources */,
				A9B915C02A3909AD008EF8AF /* Bridging-Header.m in Sources */,
				A9D2D6B82A1EECAC00BEF8D5 /* registerViewController.swift in Sources */,
				A9D2D6BA2A1F225E00BEF8D5 /* logInViewController.swift in Sources */,
				A9CF00962A0E793000856F43 /* SceneDelegate.swift in Sources */,
			);
			runOnlyForDeploymentPostprocessing = 0;
		};
		A9CF00A22A0E793400856F43 /* Sources */ = {
			isa = PBXSourcesBuildPhase;
			buildActionMask = 2147483647;
			files = (
				A9CF00AB2A0E793400856F43 /* iOS_Barcode_Upload_AppTests.swift in Sources */,
			);
			runOnlyForDeploymentPostprocessing = 0;
		};
		A9CF00AC2A0E793400856F43 /* Sources */ = {
			isa = PBXSourcesBuildPhase;
			buildActionMask = 2147483647;
			files = (
				A9CF00B72A0E793400856F43 /* iOS_Barcode_Upload_AppUITestsLaunchTests.swift in Sources */,
				A9CF00B52A0E793400856F43 /* iOS_Barcode_Upload_AppUITests.swift in Sources */,
			);
			runOnlyForDeploymentPostprocessing = 0;
		};
/* End PBXSourcesBuildPhase section */

/* Begin PBXTargetDependency section */
		A9CF00A82A0E793400856F43 /* PBXTargetDependency */ = {
			isa = PBXTargetDependency;
			target = A9CF008F2A0E793000856F43 /* iOS Barcode Upload App */;
			targetProxy = A9CF00A72A0E793400856F43 /* PBXContainerItemProxy */;
		};
		A9CF00B22A0E793400856F43 /* PBXTargetDependency */ = {
			isa = PBXTargetDependency;
			target = A9CF008F2A0E793000856F43 /* iOS Barcode Upload App */;
			targetProxy = A9CF00B12A0E793400856F43 /* PBXContainerItemProxy */;
		};
/* End PBXTargetDependency section */

/* Begin PBXVariantGroup section */
		A9CF00992A0E793000856F43 /* Main.storyboard */ = {
			isa = PBXVariantGroup;
			children = (
				A9CF009A2A0E793000856F43 /* Base */,
			);
			name = Main.storyboard;
			sourceTree = "<group>";
		};
		A9CF009E2A0E793300856F43 /* LaunchScreen.storyboard */ = {
			isa = PBXVariantGroup;
			children = (
				A9CF009F2A0E793300856F43 /* Base */,
			);
			name = LaunchScreen.storyboard;
			sourceTree = "<group>";
		};
/* End PBXVariantGroup section */

/* Begin XCBuildConfiguration section */
		A9CF00B82A0E793400856F43 /* Debug */ = {
			isa = XCBuildConfiguration;
			buildSettings = {
				ALWAYS_SEARCH_USER_PATHS = NO;
				CLANG_ANALYZER_NONNULL = YES;
				CLANG_ANALYZER_NUMBER_OBJECT_CONVERSION = YES_AGGRESSIVE;
				CLANG_CXX_LANGUAGE_STANDARD = "gnu++20";
				CLANG_ENABLE_MODULES = YES;
				CLANG_ENABLE_OBJC_ARC = YES;
				CLANG_ENABLE_OBJC_WEAK = YES;
				CLANG_WARN_BLOCK_CAPTURE_AUTORELEASING = YES;
				CLANG_WARN_BOOL_CONVERSION = YES;
				CLANG_WARN_COMMA = YES;
				CLANG_WARN_CONSTANT_CONVERSION = YES;
				CLANG_WARN_DEPRECATED_OBJC_IMPLEMENTATIONS = YES;
				CLANG_WARN_DIRECT_OBJC_ISA_USAGE = YES_ERROR;
				CLANG_WARN_DOCUMENTATION_COMMENTS = YES;
				CLANG_WARN_EMPTY_BODY = YES;
				CLANG_WARN_ENUM_CONVERSION = YES;
				CLANG_WARN_INFINITE_RECURSION = YES;
				CLANG_WARN_INT_CONVERSION = YES;
				CLANG_WARN_NON_LITERAL_NULL_CONVERSION = YES;
				CLANG_WARN_OBJC_IMPLICIT_RETAIN_SELF = YES;
				CLANG_WARN_OBJC_LITERAL_CONVERSION = YES;
				CLANG_WARN_OBJC_ROOT_CLASS = YES_ERROR;
				CLANG_WARN_QUOTED_INCLUDE_IN_FRAMEWORK_HEADER = YES;
				CLANG_WARN_RANGE_LOOP_ANALYSIS = YES;
				CLANG_WARN_STRICT_PROTOTYPES = YES;
				CLANG_WARN_SUSPICIOUS_MOVE = YES;
				CLANG_WARN_UNGUARDED_AVAILABILITY = YES_AGGRESSIVE;
				CLANG_WARN_UNREACHABLE_CODE = YES;
				CLANG_WARN__DUPLICATE_METHOD_MATCH = YES;
				COPY_PHASE_STRIP = NO;
				DEBUG_INFORMATION_FORMAT = dwarf;
				ENABLE_STRICT_OBJC_MSGSEND = YES;
				ENABLE_TESTABILITY = YES;
				GCC_C_LANGUAGE_STANDARD = gnu11;
				GCC_DYNAMIC_NO_PIC = NO;
				GCC_NO_COMMON_BLOCKS = YES;
				GCC_OPTIMIZATION_LEVEL = 0;
				GCC_PREPROCESSOR_DEFINITIONS = (
					"DEBUG=1",
					"$(inherited)",
				);
				GCC_WARN_64_TO_32_BIT_CONVERSION = YES;
				GCC_WARN_ABOUT_RETURN_TYPE = YES_ERROR;
				GCC_WARN_UNDECLARED_SELECTOR = YES;
				GCC_WARN_UNINITIALIZED_AUTOS = YES_AGGRESSIVE;
				GCC_WARN_UNUSED_FUNCTION = YES;
				GCC_WARN_UNUSED_VARIABLE = YES;
				IPHONEOS_DEPLOYMENT_TARGET = 16.2;
				MTL_ENABLE_DEBUG_INFO = INCLUDE_SOURCE;
				MTL_FAST_MATH = YES;
				ONLY_ACTIVE_ARCH = YES;
				SDKROOT = iphoneos;
				SWIFT_ACTIVE_COMPILATION_CONDITIONS = DEBUG;
				SWIFT_OPTIMIZATION_LEVEL = "-Onone";
			};
			name = Debug;
		};
		A9CF00B92A0E793400856F43 /* Release */ = {
			isa = XCBuildConfiguration;
			buildSettings = {
				ALWAYS_SEARCH_USER_PATHS = NO;
				CLANG_ANALYZER_NONNULL = YES;
				CLANG_ANALYZER_NUMBER_OBJECT_CONVERSION = YES_AGGRESSIVE;
				CLANG_CXX_LANGUAGE_STANDARD = "gnu++20";
				CLANG_ENABLE_MODULES = YES;
				CLANG_ENABLE_OBJC_ARC = YES;
				CLANG_ENABLE_OBJC_WEAK = YES;
				CLANG_WARN_BLOCK_CAPTURE_AUTORELEASING = YES;
				CLANG_WARN_BOOL_CONVERSION = YES;
				CLANG_WARN_COMMA = YES;
				CLANG_WARN_CONSTANT_CONVERSION = YES;
				CLANG_WARN_DEPRECATED_OBJC_IMPLEMENTATIONS = YES;
				CLANG_WARN_DIRECT_OBJC_ISA_USAGE = YES_ERROR;
				CLANG_WARN_DOCUMENTATION_COMMENTS = YES;
				CLANG_WARN_EMPTY_BODY = YES;
				CLANG_WARN_ENUM_CONVERSION = YES;
				CLANG_WARN_INFINITE_RECURSION = YES;
				CLANG_WARN_INT_CONVERSION = YES;
				CLANG_WARN_NON_LITERAL_NULL_CONVERSION = YES;
				CLANG_WARN_OBJC_IMPLICIT_RETAIN_SELF = YES;
				CLANG_WARN_OBJC_LITERAL_CONVERSION = YES;
				CLANG_WARN_OBJC_ROOT_CLASS = YES_ERROR;
				CLANG_WARN_QUOTED_INCLUDE_IN_FRAMEWORK_HEADER = YES;
				CLANG_WARN_RANGE_LOOP_ANALYSIS = YES;
				CLANG_WARN_STRICT_PROTOTYPES = YES;
				CLANG_WARN_SUSPICIOUS_MOVE = YES;
				CLANG_WARN_UNGUARDED_AVAILABILITY = YES_AGGRESSIVE;
				CLANG_WARN_UNREACHABLE_CODE = YES;
				CLANG_WARN__DUPLICATE_METHOD_MATCH = YES;
				COPY_PHASE_STRIP = NO;
				DEBUG_INFORMATION_FORMAT = "dwarf-with-dsym";
				ENABLE_NS_ASSERTIONS = NO;
				ENABLE_STRICT_OBJC_MSGSEND = YES;
				GCC_C_LANGUAGE_STANDARD = gnu11;
				GCC_NO_COMMON_BLOCKS = YES;
				GCC_WARN_64_TO_32_BIT_CONVERSION = YES;
				GCC_WARN_ABOUT_RETURN_TYPE = YES_ERROR;
				GCC_WARN_UNDECLARED_SELECTOR = YES;
				GCC_WARN_UNINITIALIZED_AUTOS = YES_AGGRESSIVE;
				GCC_WARN_UNUSED_FUNCTION = YES;
				GCC_WARN_UNUSED_VARIABLE = YES;
				IPHONEOS_DEPLOYMENT_TARGET = 16.2;
				MTL_ENABLE_DEBUG_INFO = NO;
				MTL_FAST_MATH = YES;
				SDKROOT = iphoneos;
				SWIFT_COMPILATION_MODE = wholemodule;
				SWIFT_OPTIMIZATION_LEVEL = "-O";
				VALIDATE_PRODUCT = YES;
			};
			name = Release;
		};
		A9CF00BB2A0E793400856F43 /* Debug */ = {
			isa = XCBuildConfiguration;
			baseConfigurationReference = 5A6613B94A65C133E2BC654A /* Pods-iOS Barcode Upload App.debug.xcconfig */;
			buildSettings = {
				ASSETCATALOG_COMPILER_APPICON_NAME = AppIcon;
				ASSETCATALOG_COMPILER_GLOBAL_ACCENT_COLOR_NAME = AccentColor;
				ASSETCATALOG_COMPILER_INCLUDE_ALL_APPICON_ASSETS = YES;
				CLANG_ENABLE_MODULES = YES;
				CODE_SIGN_STYLE = Automatic;
				CURRENT_PROJECT_VERSION = 1;
				DEVELOPMENT_TEAM = J9X3LA3V65;
				GENERATE_INFOPLIST_FILE = YES;
				INFOPLIST_FILE = "iOS Barcode Upload App/Info.plist";
				INFOPLIST_KEY_CFBundleDisplayName = Enroll;
				INFOPLIST_KEY_NSCameraUsageDescription = "Need to take barcode and product photos.";
				INFOPLIST_KEY_NSPhotoLibraryAddUsageDescription = "Need to store images.";
				INFOPLIST_KEY_NSPhotoLibraryUsageDescription = "Need to store images.";
				INFOPLIST_KEY_UIApplicationSupportsIndirectInputEvents = YES;
				INFOPLIST_KEY_UILaunchStoryboardName = LaunchScreen;
				INFOPLIST_KEY_UIMainStoryboardFile = Main;
				INFOPLIST_KEY_UISupportedInterfaceOrientations = UIInterfaceOrientationPortrait;
				INFOPLIST_KEY_UISupportedInterfaceOrientations_iPad = "UIInterfaceOrientationLandscapeLeft UIInterfaceOrientationLandscapeRight UIInterfaceOrientationPortrait UIInterfaceOrientationPortraitUpsideDown";
				IPHONEOS_DEPLOYMENT_TARGET = 14.0;
				LD_RUNPATH_SEARCH_PATHS = (
					"$(inherited)",
					"@executable_path/Frameworks",
				);
				MARKETING_VERSION = 1.0;
				PRODUCT_BUNDLE_IDENTIFIER = "cmu.iOS-Barcode-Uploading";
				PRODUCT_NAME = "$(TARGET_NAME)";
				SWIFT_EMIT_LOC_STRINGS = YES;
				SWIFT_OBJC_BRIDGING_HEADER = "iOS Barcode Upload App/iOS Barcode Upload App-Bridging-Header.h";
				SWIFT_OPTIMIZATION_LEVEL = "-Onone";
				SWIFT_VERSION = 5.0;
				TARGETED_DEVICE_FAMILY = "1,2";
			};
			name = Debug;
		};
		A9CF00BC2A0E793400856F43 /* Release */ = {
			isa = XCBuildConfiguration;
			baseConfigurationReference = 5F1FEC1BB901F26671044E92 /* Pods-iOS Barcode Upload App.release.xcconfig */;
			buildSettings = {
				ASSETCATALOG_COMPILER_APPICON_NAME = AppIcon;
				ASSETCATALOG_COMPILER_GLOBAL_ACCENT_COLOR_NAME = AccentColor;
				ASSETCATALOG_COMPILER_INCLUDE_ALL_APPICON_ASSETS = YES;
				CLANG_ENABLE_MODULES = YES;
				CODE_SIGN_STYLE = Automatic;
				CURRENT_PROJECT_VERSION = 1;
				DEVELOPMENT_TEAM = J9X3LA3V65;
				GENERATE_INFOPLIST_FILE = YES;
				INFOPLIST_FILE = "iOS Barcode Upload App/Info.plist";
				INFOPLIST_KEY_CFBundleDisplayName = Enroll;
				INFOPLIST_KEY_NSCameraUsageDescription = "Need to take barcode and product photos.";
				INFOPLIST_KEY_NSPhotoLibraryAddUsageDescription = "Need to store images.";
				INFOPLIST_KEY_NSPhotoLibraryUsageDescription = "Need to store images.";
				INFOPLIST_KEY_UIApplicationSupportsIndirectInputEvents = YES;
				INFOPLIST_KEY_UILaunchStoryboardName = LaunchScreen;
				INFOPLIST_KEY_UIMainStoryboardFile = Main;
				INFOPLIST_KEY_UISupportedInterfaceOrientations = UIInterfaceOrientationPortrait;
				INFOPLIST_KEY_UISupportedInterfaceOrientations_iPad = "UIInterfaceOrientationLandscapeLeft UIInterfaceOrientationLandscapeRight UIInterfaceOrientationPortrait UIInterfaceOrientationPortraitUpsideDown";
				IPHONEOS_DEPLOYMENT_TARGET = 14.0;
				LD_RUNPATH_SEARCH_PATHS = (
					"$(inherited)",
					"@executable_path/Frameworks",
				);
				MARKETING_VERSION = 1.0;
				PRODUCT_BUNDLE_IDENTIFIER = "cmu.iOS-Barcode-Uploading";
				PRODUCT_NAME = "$(TARGET_NAME)";
				SWIFT_EMIT_LOC_STRINGS = YES;
				SWIFT_OBJC_BRIDGING_HEADER = "iOS Barcode Upload App/iOS Barcode Upload App-Bridging-Header.h";
				SWIFT_VERSION = 5.0;
				TARGETED_DEVICE_FAMILY = "1,2";
			};
			name = Release;
		};
		A9CF00BE2A0E793400856F43 /* Debug */ = {
			isa = XCBuildConfiguration;
			buildSettings = {
				ALWAYS_EMBED_SWIFT_STANDARD_LIBRARIES = YES;
				BUNDLE_LOADER = "$(TEST_HOST)";
				CODE_SIGN_STYLE = Automatic;
				CURRENT_PROJECT_VERSION = 1;
				GENERATE_INFOPLIST_FILE = YES;
				IPHONEOS_DEPLOYMENT_TARGET = 16.4;
				MARKETING_VERSION = 1.0;
				PRODUCT_BUNDLE_IDENTIFIER = "cmu.iOS-Barcode-Upload-AppTests";
				PRODUCT_NAME = "$(TARGET_NAME)";
				SWIFT_EMIT_LOC_STRINGS = NO;
				SWIFT_VERSION = 5.0;
				TARGETED_DEVICE_FAMILY = "1,2";
				TEST_HOST = "$(BUILT_PRODUCTS_DIR)/iOS Barcode Upload App.app/$(BUNDLE_EXECUTABLE_FOLDER_PATH)/iOS Barcode Upload App";
			};
			name = Debug;
		};
		A9CF00BF2A0E793400856F43 /* Release */ = {
			isa = XCBuildConfiguration;
			buildSettings = {
				ALWAYS_EMBED_SWIFT_STANDARD_LIBRARIES = YES;
				BUNDLE_LOADER = "$(TEST_HOST)";
				CODE_SIGN_STYLE = Automatic;
				CURRENT_PROJECT_VERSION = 1;
				GENERATE_INFOPLIST_FILE = YES;
				IPHONEOS_DEPLOYMENT_TARGET = 16.4;
				MARKETING_VERSION = 1.0;
				PRODUCT_BUNDLE_IDENTIFIER = "cmu.iOS-Barcode-Upload-AppTests";
				PRODUCT_NAME = "$(TARGET_NAME)";
				SWIFT_EMIT_LOC_STRINGS = NO;
				SWIFT_VERSION = 5.0;
				TARGETED_DEVICE_FAMILY = "1,2";
				TEST_HOST = "$(BUILT_PRODUCTS_DIR)/iOS Barcode Upload App.app/$(BUNDLE_EXECUTABLE_FOLDER_PATH)/iOS Barcode Upload App";
			};
			name = Release;
		};
		A9CF00C12A0E793400856F43 /* Debug */ = {
			isa = XCBuildConfiguration;
			buildSettings = {
				ALWAYS_EMBED_SWIFT_STANDARD_LIBRARIES = YES;
				CODE_SIGN_STYLE = Automatic;
				CURRENT_PROJECT_VERSION = 1;
				GENERATE_INFOPLIST_FILE = YES;
				IPHONEOS_DEPLOYMENT_TARGET = 16.2;
				MARKETING_VERSION = 1.0;
				PRODUCT_BUNDLE_IDENTIFIER = "cmu.iOS-Barcode-Upload-AppUITests";
				PRODUCT_NAME = "$(TARGET_NAME)";
				SWIFT_EMIT_LOC_STRINGS = NO;
				SWIFT_VERSION = 5.0;
				TARGETED_DEVICE_FAMILY = "1,2";
				TEST_TARGET_NAME = "iOS Barcode Upload App";
			};
			name = Debug;
		};
		A9CF00C22A0E793400856F43 /* Release */ = {
			isa = XCBuildConfiguration;
			buildSettings = {
				ALWAYS_EMBED_SWIFT_STANDARD_LIBRARIES = YES;
				CODE_SIGN_STYLE = Automatic;
				CURRENT_PROJECT_VERSION = 1;
				GENERATE_INFOPLIST_FILE = YES;
				IPHONEOS_DEPLOYMENT_TARGET = 16.2;
				MARKETING_VERSION = 1.0;
				PRODUCT_BUNDLE_IDENTIFIER = "cmu.iOS-Barcode-Upload-AppUITests";
				PRODUCT_NAME = "$(TARGET_NAME)";
				SWIFT_EMIT_LOC_STRINGS = NO;
				SWIFT_VERSION = 5.0;
				TARGETED_DEVICE_FAMILY = "1,2";
				TEST_TARGET_NAME = "iOS Barcode Upload App";
			};
			name = Release;
		};
/* End XCBuildConfiguration section */

/* Begin XCConfigurationList section */
		A9CF008B2A0E793000856F43 /* Build configuration list for PBXProject "iOS Barcode Upload App" */ = {
			isa = XCConfigurationList;
			buildConfigurations = (
				A9CF00B82A0E793400856F43 /* Debug */,
				A9CF00B92A0E793400856F43 /* Release */,
			);
			defaultConfigurationIsVisible = 0;
			defaultConfigurationName = Release;
		};
		A9CF00BA2A0E793400856F43 /* Build configuration list for PBXNativeTarget "iOS Barcode Upload App" */ = {
			isa = XCConfigurationList;
			buildConfigurations = (
				A9CF00BB2A0E793400856F43 /* Debug */,
				A9CF00BC2A0E793400856F43 /* Release */,
			);
			defaultConfigurationIsVisible = 0;
			defaultConfigurationName = Release;
		};
		A9CF00BD2A0E793400856F43 /* Build configuration list for PBXNativeTarget "iOS Barcode Upload AppTests" */ = {
			isa = XCConfigurationList;
			buildConfigurations = (
				A9CF00BE2A0E793400856F43 /* Debug */,
				A9CF00BF2A0E793400856F43 /* Release */,
			);
			defaultConfigurationIsVisible = 0;
			defaultConfigurationName = Release;
		};
		A9CF00C02A0E793400856F43 /* Build configuration list for PBXNativeTarget "iOS Barcode Upload AppUITests" */ = {
			isa = XCConfigurationList;
			buildConfigurations = (
				A9CF00C12A0E793400856F43 /* Debug */,
				A9CF00C22A0E793400856F43 /* Release */,
			);
			defaultConfigurationIsVisible = 0;
			defaultConfigurationName = Release;
		};
/* End XCConfigurationList section */
	};
	rootObject = A9CF00882A0E793000856F43 /* Project object */;
}
